
Microsoft Visual Studio Solution File, Format Version 12.00
# Visual Studio 15
VisualStudioVersion = 15.0.28307.168
MinimumVisualStudioVersion = 10.0.40219.1
Project("{888888A0-9F3D-457C-B088-3A5042F75D52}") = "snmp", "snmp\snmp.pyproj", "{93B23CC3-C331-41BE-8F96-4CF4DD855BF0}"
EndProject
Global
	GlobalSection(SolutionConfigurationPlatforms) = preSolution
		Debug|Any CPU = Debug|Any CPU
		Release|Any CPU = Release|Any CPU
	EndGlobalSection
	GlobalSection(ProjectConfigurationPlatforms) = postSolution
		{93B23CC3-C331-41BE-8F96-4CF4DD855BF0}.Debug|Any CPU.ActiveCfg = Debug|Any CPU
		{93B23CC3-C331-41BE-8F96-4CF4DD855BF0}.Release|Any CPU.ActiveCfg = Release|Any CPU
	EndGlobalSection
	GlobalSection(SolutionProperties) = preSolution
		HideSolutionNode = FALSE
	EndGlobalSection
	GlobalSection(ExtensibilityGlobals) = postSolution
		SolutionGuid = {77110E57-3125-4331-8481-B741C87F90E3}
	EndGlobalSection
EndGlobal
